
Microsoft Visual Studio Solution File, Format Version 12.00
# Visual Studio Version 16
VisualStudioVersion = 16.0.30717.126
MinimumVisualStudioVersion = 10.0.40219.1
Project("{FAE04EC0-301F-11D3-BF4B-00C04F79EFBC}") = "Manager", "Manager\Manager.csproj", "{C6702C8B-01AC-4414-BE8D-6FDC820D191E}"
EndProject
Global
	GlobalSection(SolutionConfigurationPlatforms) = preSolution
		Debug|Any CPU = Debug|Any CPU
		Release|Any CPU = Release|Any CPU
	EndGlobalSection
	GlobalSection(ProjectConfigurationPlatforms) = postSolution
		{C6702C8B-01AC-4414-BE8D-6FDC820D191E}.Debug|Any CPU.ActiveCfg = Debug|Any CPU
		{C6702C8B-01AC-4414-BE8D-6FDC820D191E}.Debug|Any CPU.Build.0 = Debug|Any CPU
		{C6702C8B-01AC-4414-BE8D-6FDC820D191E}.Release|Any CPU.ActiveCfg = Release|Any CPU
		{C6702C8B-01AC-4414-BE8D-6FDC820D191E}.Release|Any CPU.Build.0 = Release|Any CPU
	EndGlobalSection
	GlobalSection(SolutionProperties) = preSolution
		HideSolutionNode = FALSE
	EndGlobalSection
	GlobalSection(ExtensibilityGlobals) = postSolution
		SolutionGuid = {69D75696-672D-453D-B2FA-222B414A4881}
	EndGlobalSection
EndGlobal
